
Microsoft Visual Studio Solution File, Format Version 12.00
# Visual Studio Version 17
VisualStudioVersion = 17.11.35208.52
MinimumVisualStudioVersion = 10.0.40219.1
Project("{9A19103F-16F7-4668-BE54-9A1E7A4F7556}") = "EmployeesThirdPartyApp", "EmployeesThirdPartyApp.csproj", "{1B41B441-BE44-4683-8F05-2CF130A98518}"
EndProject
Global
	GlobalSection(SolutionConfigurationPlatforms) = preSolution
		Debug|Any CPU = Debug|Any CPU
		Release|Any CPU = Release|Any CPU
	EndGlobalSection
	GlobalSection(ProjectConfigurationPlatforms) = postSolution
		{1B41B441-BE44-4683-8F05-2CF130A98518}.Debug|Any CPU.ActiveCfg = Debug|Any CPU
		{1B41B441-BE44-4683-8F05-2CF130A98518}.Debug|Any CPU.Build.0 = Debug|Any CPU
		{1B41B441-BE44-4683-8F05-2CF130A98518}.Release|Any CPU.ActiveCfg = Release|Any CPU
		{1B41B441-BE44-4683-8F05-2CF130A98518}.Release|Any CPU.Build.0 = Release|Any CPU
	EndGlobalSection
	GlobalSection(SolutionProperties) = preSolution
		HideSolutionNode = FALSE
	EndGlobalSection
	GlobalSection(ExtensibilityGlobals) = postSolution
		SolutionGuid = {5E66FB5C-D4BE-4E63-806E-6EF1B146C42F}
	EndGlobalSection
EndGlobal
